// !$*UTF8*$!
{
	archiveVersion = 1;
	classes = {
	};
	objectVersion = 50;
	objects = {

/* Begin PBXBuildFile section */
		0911FCB3223A4F3500E3A45E /* Interface.storyboard in Resources */ = {isa = PBXBuildFile; fileRef = 0911FCB1223A4F3500E3A45E /* Interface.storyboard */; };
		0911FCB5223A4F3700E3A45E /* Assets.xcassets in Resources */ = {isa = PBXBuildFile; fileRef = 0911FCB4223A4F3700E3A45E /* Assets.xcassets */; };
		0911FCBC223A4F3700E3A45E /* Watch App Extension.appex in Embed App Extensions */ = {isa = PBXBuildFile; fileRef = 0911FCBB223A4F3700E3A45E /* Watch App Extension.appex */; settings = {ATTRIBUTES = (RemoveHeadersOnCopy, ); }; };
		0911FCC1223A4F3800E3A45E /* InterfaceController.swift in Sources */ = {isa = PBXBuildFile; fileRef = 0911FCC0223A4F3800E3A45E /* InterfaceController.swift */; };
		0911FCC3223A4F3800E3A45E /* ExtensionDelegate.swift in Sources */ = {isa = PBXBuildFile; fileRef = 0911FCC2223A4F3800E3A45E /* ExtensionDelegate.swift */; };
		0911FCC5223A4F3800E3A45E /* NotificationController.swift in Sources */ = {isa = PBXBuildFile; fileRef = 0911FCC4223A4F3800E3A45E /* NotificationController.swift */; };
		0911FCC7223A4F3800E3A45E /* Assets.xcassets in Resources */ = {isa = PBXBuildFile; fileRef = 0911FCC6223A4F3800E3A45E /* Assets.xcassets */; };
		0911FCCC223A4F3800E3A45E /* Watch App.app in Embed Watch Content */ = {isa = PBXBuildFile; fileRef = 0911FCAF223A4F3500E3A45E /* Watch App.app */; };
		097D347D2190673D0066AFE8 /* AppDelegate.swift in Sources */ = {isa = PBXBuildFile; fileRef = 097D347C2190673D0066AFE8 /* AppDelegate.swift */; };
		097D347F2190673D0066AFE8 /* ViewController.swift in Sources */ = {isa = PBXBuildFile; fileRef = 097D347E2190673D0066AFE8 /* ViewController.swift */; };
		097D34822190673E0066AFE8 /* Main.storyboard in Resources */ = {isa = PBXBuildFile; fileRef = 097D34802190673E0066AFE8 /* Main.storyboard */; };
		097D34842190673F0066AFE8 /* Assets.xcassets in Resources */ = {isa = PBXBuildFile; fileRef = 097D34832190673F0066AFE8 /* Assets.xcassets */; };
		097D34872190673F0066AFE8 /* LaunchScreen.storyboard in Resources */ = {isa = PBXBuildFile; fileRef = 097D34852190673F0066AFE8 /* LaunchScreen.storyboard */; };
		8B2D61B14C786DBC2442B3C3 /* Pods_SeparateEnvironment.framework in Frameworks */ = {isa = PBXBuildFile; fileRef = 308BAEC467D12E565554690D /* Pods_SeparateEnvironment.framework */; };
/* End PBXBuildFile section */

/* Begin PBXContainerItemProxy section */
		0911FCBD223A4F3700E3A45E /* PBXContainerItemProxy */ = {
			isa = PBXContainerItemProxy;
			containerPortal = 097D34712190673D0066AFE8 /* Project object */;
			proxyType = 1;
			remoteGlobalIDString = 0911FCBA223A4F3700E3A45E;
			remoteInfo = "Watch App Extension";
		};
		0911FCCA223A4F3800E3A45E /* PBXContainerItemProxy */ = {
			isa = PBXContainerItemProxy;
			containerPortal = 097D34712190673D0066AFE8 /* Project object */;
			proxyType = 1;
			remoteGlobalIDString = 0911FCAE223A4F3500E3A45E;
			remoteInfo = "Watch App";
		};
/* End PBXContainerItemProxy section */

/* Begin PBXCopyFilesBuildPhase section */
		0911FCD2223A4F3800E3A45E /* Embed App Extensions */ = {
			isa = PBXCopyFilesBuildPhase;
			buildActionMask = 2147483647;
			dstPath = "";
			dstSubfolderSpec = 13;
			files = (
				0911FCBC223A4F3700E3A45E /* Watch App Extension.appex in Embed App Extensions */,
			);
			name = "Embed App Extensions";
			runOnlyForDeploymentPostprocessing = 0;
		};
		0911FCD8223A4F3800E3A45E /* Embed Watch Content */ = {
			isa = PBXCopyFilesBuildPhase;
			buildActionMask = 2147483647;
			dstPath = "$(CONTENTS_FOLDER_PATH)/Watch";
			dstSubfolderSpec = 16;
			files = (
				0911FCCC223A4F3800E3A45E /* Watch App.app in Embed Watch Content */,
			);
			name = "Embed Watch Content";
			runOnlyForDeploymentPostprocessing = 0;
		};
/* End PBXCopyFilesBuildPhase section */

/* Begin PBXFileReference section */
		0911FCAF223A4F3500E3A45E /* Watch App.app */ = {isa = PBXFileReference; explicitFileType = wrapper.application; includeInIndex = 0; path = "Watch App.app"; sourceTree = BUILT_PRODUCTS_DIR; };
		0911FCB2223A4F3500E3A45E /* Base */ = {isa = PBXFileReference; lastKnownFileType = file.storyboard; name = Base; path = Base.lproj/Interface.storyboard; sourceTree = "<group>"; };
		0911FCB4223A4F3700E3A45E /* Assets.xcassets */ = {isa = PBXFileReference; lastKnownFileType = folder.assetcatalog; path = Assets.xcassets; sourceTree = "<group>"; };
		0911FCB6223A4F3700E3A45E /* Info.plist */ = {isa = PBXFileReference; lastKnownFileType = text.plist.xml; path = Info.plist; sourceTree = "<group>"; };
		0911FCBB223A4F3700E3A45E /* Watch App Extension.appex */ = {isa = PBXFileReference; explicitFileType = "wrapper.app-extension"; includeInIndex = 0; path = "Watch App Extension.appex"; sourceTree = BUILT_PRODUCTS_DIR; };
		0911FCC0223A4F3800E3A45E /* InterfaceController.swift */ = {isa = PBXFileReference; lastKnownFileType = sourcecode.swift; path = InterfaceController.swift; sourceTree = "<group>"; };
		0911FCC2223A4F3800E3A45E /* ExtensionDelegate.swift */ = {isa = PBXFileReference; lastKnownFileType = sourcecode.swift; path = ExtensionDelegate.swift; sourceTree = "<group>"; };
		0911FCC4223A4F3800E3A45E /* NotificationController.swift */ = {isa = PBXFileReference; lastKnownFileType = sourcecode.swift; path = NotificationController.swift; sourceTree = "<group>"; };
		0911FCC6223A4F3800E3A45E /* Assets.xcassets */ = {isa = PBXFileReference; lastKnownFileType = folder.assetcatalog; path = Assets.xcassets; sourceTree = "<group>"; };
		0911FCC8223A4F3800E3A45E /* Info.plist */ = {isa = PBXFileReference; lastKnownFileType = text.plist.xml; path = Info.plist; sourceTree = "<group>"; };
		0911FCC9223A4F3800E3A45E /* PushNotificationPayload.apns */ = {isa = PBXFileReference; lastKnownFileType = text; path = PushNotificationPayload.apns; sourceTree = "<group>"; };
		097D34792190673D0066AFE8 /* Beta SeparateEnvironment.app */ = {isa = PBXFileReference; explicitFileType = wrapper.application; includeInIndex = 0; path = "Beta SeparateEnvironment.app"; sourceTree = BUILT_PRODUCTS_DIR; };
		097D347C2190673D0066AFE8 /* AppDelegate.swift */ = {isa = PBXFileReference; lastKnownFileType = sourcecode.swift; path = AppDelegate.swift; sourceTree = "<group>"; };
		097D347E2190673D0066AFE8 /* ViewController.swift */ = {isa = PBXFileReference; lastKnownFileType = sourcecode.swift; path = ViewController.swift; sourceTree = "<group>"; };
		097D34812190673E0066AFE8 /* Base */ = {isa = PBXFileReference; lastKnownFileType = file.storyboard; name = Base; path = Base.lproj/Main.storyboard; sourceTree = "<group>"; };
		097D34832190673F0066AFE8 /* Assets.xcassets */ = {isa = PBXFileReference; lastKnownFileType = folder.assetcatalog; path = Assets.xcassets; sourceTree = "<group>"; };
		097D34862190673F0066AFE8 /* Base */ = {isa = PBXFileReference; lastKnownFileType = file.storyboard; name = Base; path = Base.lproj/LaunchScreen.storyboard; sourceTree = "<group>"; };
		097D34882190673F0066AFE8 /* Info.plist */ = {isa = PBXFileReference; lastKnownFileType = text.plist.xml; path = Info.plist; sourceTree = "<group>"; };
		308BAEC467D12E565554690D /* Pods_SeparateEnvironment.framework */ = {isa = PBXFileReference; explicitFileType = wrapper.framework; includeInIndex = 0; path = Pods_SeparateEnvironment.framework; sourceTree = BUILT_PRODUCTS_DIR; };
		71ECFF49DDFDDDDF7072504D /* Pods-SeparateEnvironment.release.xcconfig */ = {isa = PBXFileReference; includeInIndex = 1; lastKnownFileType = text.xcconfig; name = "Pods-SeparateEnvironment.release.xcconfig"; path = "Pods/Target Support Files/Pods-SeparateEnvironment/Pods-SeparateEnvironment.release.xcconfig"; sourceTree = "<group>"; };
		BE6280D26C123E24CF80FCB0 /* Pods-SeparateEnvironment.productiondebug.xcconfig */ = {isa = PBXFileReference; includeInIndex = 1; lastKnownFileType = text.xcconfig; name = "Pods-SeparateEnvironment.productiondebug.xcconfig"; path = "Pods/Target Support Files/Pods-SeparateEnvironment/Pods-SeparateEnvironment.productiondebug.xcconfig"; sourceTree = "<group>"; };
		CE82B800CB0777D61D1B20A1 /* Pods-SeparateEnvironment.debug.xcconfig */ = {isa = PBXFileReference; includeInIndex = 1; lastKnownFileType = text.xcconfig; name = "Pods-SeparateEnvironment.debug.xcconfig"; path = "Pods/Target Support Files/Pods-SeparateEnvironment/Pods-SeparateEnvironment.debug.xcconfig"; sourceTree = "<group>"; };
		D417A6BC474BDAB667A21B0A /* Pods-SeparateEnvironment.productionrelease.xcconfig */ = {isa = PBXFileReference; includeInIndex = 1; lastKnownFileType = text.xcconfig; name = "Pods-SeparateEnvironment.productionrelease.xcconfig"; path = "Pods/Target Support Files/Pods-SeparateEnvironment/Pods-SeparateEnvironment.productionrelease.xcconfig"; sourceTree = "<group>"; };
/* End PBXFileReference section */

/* Begin PBXFrameworksBuildPhase section */
		0911FCB8223A4F3700E3A45E /* Frameworks */ = {
			isa = PBXFrameworksBuildPhase;
			buildActionMask = 2147483647;
			files = (
			);
			runOnlyForDeploymentPostprocessing = 0;
		};
		097D34762190673D0066AFE8 /* Frameworks */ = {
			isa = PBXFrameworksBuildPhase;
			buildActionMask = 2147483647;
			files = (
				8B2D61B14C786DBC2442B3C3 /* Pods_SeparateEnvironment.framework in Frameworks */,
			);
			runOnlyForDeploymentPostprocessing = 0;
		};
/* End PBXFrameworksBuildPhase section */

/* Begin PBXGroup section */
		0911FCB0223A4F3500E3A45E /* Watch App */ = {
			isa = PBXGroup;
			children = (
				0911FCB1223A4F3500E3A45E /* Interface.storyboard */,
				0911FCB4223A4F3700E3A45E /* Assets.xcassets */,
				0911FCB6223A4F3700E3A45E /* Info.plist */,
			);
			path = "Watch App";
			sourceTree = "<group>";
		};
		0911FCBF223A4F3800E3A45E /* Watch App Extension */ = {
			isa = PBXGroup;
			children = (
				0911FCC0223A4F3800E3A45E /* InterfaceController.swift */,
				0911FCC2223A4F3800E3A45E /* ExtensionDelegate.swift */,
				0911FCC4223A4F3800E3A45E /* NotificationController.swift */,
				0911FCC6223A4F3800E3A45E /* Assets.xcassets */,
				0911FCC8223A4F3800E3A45E /* Info.plist */,
				0911FCC9223A4F3800E3A45E /* PushNotificationPayload.apns */,
			);
			path = "Watch App Extension";
			sourceTree = "<group>";
		};
		097D34702190673D0066AFE8 = {
			isa = PBXGroup;
			children = (
				097D347B2190673D0066AFE8 /* SeparateEnvironment */,
				0911FCB0223A4F3500E3A45E /* Watch App */,
				0911FCBF223A4F3800E3A45E /* Watch App Extension */,
				097D347A2190673D0066AFE8 /* Products */,
				0D3220F3CD0233645C5D3EF5 /* Pods */,
				AA65EC1D59B4585B955F1C14 /* Frameworks */,
			);
			sourceTree = "<group>";
		};
		097D347A2190673D0066AFE8 /* Products */ = {
			isa = PBXGroup;
			children = (
				097D34792190673D0066AFE8 /* Beta SeparateEnvironment.app */,
				0911FCAF223A4F3500E3A45E /* Watch App.app */,
				0911FCBB223A4F3700E3A45E /* Watch App Extension.appex */,
			);
			name = Products;
			sourceTree = "<group>";
		};
		097D347B2190673D0066AFE8 /* SeparateEnvironment */ = {
			isa = PBXGroup;
			children = (
				097D347C2190673D0066AFE8 /* AppDelegate.swift */,
				097D347E2190673D0066AFE8 /* ViewController.swift */,
				097D34802190673E0066AFE8 /* Main.storyboard */,
				097D34832190673F0066AFE8 /* Assets.xcassets */,
				097D34852190673F0066AFE8 /* LaunchScreen.storyboard */,
				097D34882190673F0066AFE8 /* Info.plist */,
			);
			path = SeparateEnvironment;
			sourceTree = "<group>";
		};
		0D3220F3CD0233645C5D3EF5 /* Pods */ = {
			isa = PBXGroup;
			children = (
				CE82B800CB0777D61D1B20A1 /* Pods-SeparateEnvironment.debug.xcconfig */,
				71ECFF49DDFDDDDF7072504D /* Pods-SeparateEnvironment.release.xcconfig */,
				BE6280D26C123E24CF80FCB0 /* Pods-SeparateEnvironment.productiondebug.xcconfig */,
				D417A6BC474BDAB667A21B0A /* Pods-SeparateEnvironment.productionrelease.xcconfig */,
			);
			name = Pods;
			sourceTree = "<group>";
		};
		AA65EC1D59B4585B955F1C14 /* Frameworks */ = {
			isa = PBXGroup;
			children = (
				308BAEC467D12E565554690D /* Pods_SeparateEnvironment.framework */,
			);
			name = Frameworks;
			sourceTree = "<group>";
		};
/* End PBXGroup section */

/* Begin PBXNativeTarget section */
		0911FCAE223A4F3500E3A45E /* Watch App */ = {
			isa = PBXNativeTarget;
			buildConfigurationList = 0911FCD3223A4F3800E3A45E /* Build configuration list for PBXNativeTarget "Watch App" */;
			buildPhases = (
				0911FCAD223A4F3500E3A45E /* Resources */,
				0911FCD2223A4F3800E3A45E /* Embed App Extensions */,
			);
			buildRules = (
			);
			dependencies = (
				0911FCBE223A4F3700E3A45E /* PBXTargetDependency */,
			);
			name = "Watch App";
			productName = "Watch App";
			productReference = 0911FCAF223A4F3500E3A45E /* Watch App.app */;
			productType = "com.apple.product-type.application.watchapp2";
		};
		0911FCBA223A4F3700E3A45E /* Watch App Extension */ = {
			isa = PBXNativeTarget;
			buildConfigurationList = 0911FCCD223A4F3800E3A45E /* Build configuration list for PBXNativeTarget "Watch App Extension" */;
			buildPhases = (
				0911FCB7223A4F3700E3A45E /* Sources */,
				0911FCB8223A4F3700E3A45E /* Frameworks */,
				0911FCB9223A4F3700E3A45E /* Resources */,
			);
			buildRules = (
			);
			dependencies = (
			);
			name = "Watch App Extension";
			productName = "Watch App Extension";
			productReference = 0911FCBB223A4F3700E3A45E /* Watch App Extension.appex */;
			productType = "com.apple.product-type.watchkit2-extension";
		};
		097D34782190673D0066AFE8 /* SeparateEnvironment */ = {
			isa = PBXNativeTarget;
			buildConfigurationList = 097D348B2190673F0066AFE8 /* Build configuration list for PBXNativeTarget "SeparateEnvironment" */;
			buildPhases = (
				B9E4D864E1542B1D900EB9A4 /* [CP] Check Pods Manifest.lock */,
				097D34752190673D0066AFE8 /* Sources */,
				097D34762190673D0066AFE8 /* Frameworks */,
				097D34772190673D0066AFE8 /* Resources */,
				7DF8CEE73D658E7620F295D7 /* [CP] Embed Pods Frameworks */,
				0911FCD8223A4F3800E3A45E /* Embed Watch Content */,
			);
			buildRules = (
			);
			dependencies = (
				0911FCCB223A4F3800E3A45E /* PBXTargetDependency */,
			);
			name = SeparateEnvironment;
			productName = SeparateEnvironment;
			productReference = 097D34792190673D0066AFE8 /* Beta SeparateEnvironment.app */;
			productType = "com.apple.product-type.application";
		};
/* End PBXNativeTarget section */

/* Begin PBXProject section */
		097D34712190673D0066AFE8 /* Project object */ = {
			isa = PBXProject;
			attributes = {
				LastSwiftUpdateCheck = 1010;
				LastUpgradeCheck = 1010;
				ORGANIZATIONNAME = "Marcus Wu";
				TargetAttributes = {
					0911FCAE223A4F3500E3A45E = {
						CreatedOnToolsVersion = 10.1;
					};
					0911FCBA223A4F3700E3A45E = {
						CreatedOnToolsVersion = 10.1;
					};
					097D34782190673D0066AFE8 = {
						CreatedOnToolsVersion = 10.1;
					};
				};
			};
			buildConfigurationList = 097D34742190673D0066AFE8 /* Build configuration list for PBXProject "SeparateEnvironment" */;
			compatibilityVersion = "Xcode 9.3";
			developmentRegion = en;
			hasScannedForEncodings = 0;
			knownRegions = (
				en,
				Base,
			);
			mainGroup = 097D34702190673D0066AFE8;
			productRefGroup = 097D347A2190673D0066AFE8 /* Products */;
			projectDirPath = "";
			projectRoot = "";
			targets = (
				097D34782190673D0066AFE8 /* SeparateEnvironment */,
				0911FCAE223A4F3500E3A45E /* Watch App */,
				0911FCBA223A4F3700E3A45E /* Watch App Extension */,
			);
		};
/* End PBXProject section */

/* Begin PBXResourcesBuildPhase section */
		0911FCAD223A4F3500E3A45E /* Resources */ = {
			isa = PBXResourcesBuildPhase;
			buildActionMask = 2147483647;
			files = (
				0911FCB5223A4F3700E3A45E /* Assets.xcassets in Resources */,
				0911FCB3223A4F3500E3A45E /* Interface.storyboard in Resources */,
			);
			runOnlyForDeploymentPostprocessing = 0;
		};
		0911FCB9223A4F3700E3A45E /* Resources */ = {
			isa = PBXResourcesBuildPhase;
			buildActionMask = 2147483647;
			files = (
				0911FCC7223A4F3800E3A45E /* Assets.xcassets in Resources */,
			);
			runOnlyForDeploymentPostprocessing = 0;
		};
		097D34772190673D0066AFE8 /* Resources */ = {
			isa = PBXResourcesBuildPhase;
			buildActionMask = 2147483647;
			files = (
				097D34872190673F0066AFE8 /* LaunchScreen.storyboard in Resources */,
				097D34842190673F0066AFE8 /* Assets.xcassets in Resources */,
				097D34822190673E0066AFE8 /* Main.storyboard in Resources */,
			);
			runOnlyForDeploymentPostprocessing = 0;
		};
/* End PBXResourcesBuildPhase section */

/* Begin PBXShellScriptBuildPhase section */
		7DF8CEE73D658E7620F295D7 /* [CP] Embed Pods Frameworks */ = {
			isa = PBXShellScriptBuildPhase;
			buildActionMask = 2147483647;
			files = (
			);
			inputFileListPaths = (
			);
			inputPaths = (
				"${SRCROOT}/Pods/Target Support Files/Pods-SeparateEnvironment/Pods-SeparateEnvironment-frameworks.sh",
				"${BUILT_PRODUCTS_DIR}/IGListKit/IGListKit.framework",
			);
			name = "[CP] Embed Pods Frameworks";
			outputFileListPaths = (
			);
			outputPaths = (
				"${TARGET_BUILD_DIR}/${FRAMEWORKS_FOLDER_PATH}/IGListKit.framework",
			);
			runOnlyForDeploymentPostprocessing = 0;
			shellPath = /bin/sh;
			shellScript = "\"${SRCROOT}/Pods/Target Support Files/Pods-SeparateEnvironment/Pods-SeparateEnvironment-frameworks.sh\"\n";
			showEnvVarsInLog = 0;
		};
		B9E4D864E1542B1D900EB9A4 /* [CP] Check Pods Manifest.lock */ = {
			isa = PBXShellScriptBuildPhase;
			buildActionMask = 2147483647;
			files = (
			);
			inputFileListPaths = (
			);
			inputPaths = (
				"${PODS_PODFILE_DIR_PATH}/Podfile.lock",
				"${PODS_ROOT}/Manifest.lock",
			);
			name = "[CP] Check Pods Manifest.lock";
			outputFileListPaths = (
			);
			outputPaths = (
				"$(DERIVED_FILE_DIR)/Pods-SeparateEnvironment-checkManifestLockResult.txt",
			);
			runOnlyForDeploymentPostprocessing = 0;
			shellPath = /bin/sh;
			shellScript = "diff \"${PODS_PODFILE_DIR_PATH}/Podfile.lock\" \"${PODS_ROOT}/Manifest.lock\" > /dev/null\nif [ $? != 0 ] ; then\n    # print error to STDERR\n    echo \"error: The sandbox is not in sync with the Podfile.lock. Run 'pod install' or update your CocoaPods installation.\" >&2\n    exit 1\nfi\n# This output is used by Xcode 'outputs' to avoid re-running this script phase.\necho \"SUCCESS\" > \"${SCRIPT_OUTPUT_FILE_0}\"\n";
			showEnvVarsInLog = 0;
		};
/* End PBXShellScriptBuildPhase section */

/* Begin PBXSourcesBuildPhase section */
		0911FCB7223A4F3700E3A45E /* Sources */ = {
			isa = PBXSourcesBuildPhase;
			buildActionMask = 2147483647;
			files = (
				0911FCC5223A4F3800E3A45E /* NotificationController.swift in Sources */,
				0911FCC3223A4F3800E3A45E /* ExtensionDelegate.swift in Sources */,
				0911FCC1223A4F3800E3A45E /* InterfaceController.swift in Sources */,
			);
			runOnlyForDeploymentPostprocessing = 0;
		};
		097D34752190673D0066AFE8 /* Sources */ = {
			isa = PBXSourcesBuildPhase;
			buildActionMask = 2147483647;
			files = (
				097D347F2190673D0066AFE8 /* ViewController.swift in Sources */,
				097D347D2190673D0066AFE8 /* AppDelegate.swift in Sources */,
			);
			runOnlyForDeploymentPostprocessing = 0;
		};
/* End PBXSourcesBuildPhase section */

/* Begin PBXTargetDependency section */
		0911FCBE223A4F3700E3A45E /* PBXTargetDependency */ = {
			isa = PBXTargetDependency;
			target = 0911FCBA223A4F3700E3A45E /* Watch App Extension */;
			targetProxy = 0911FCBD223A4F3700E3A45E /* PBXContainerItemProxy */;
		};
		0911FCCB223A4F3800E3A45E /* PBXTargetDependency */ = {
			isa = PBXTargetDependency;
			target = 0911FCAE223A4F3500E3A45E /* Watch App */;
			targetProxy = 0911FCCA223A4F3800E3A45E /* PBXContainerItemProxy */;
		};
/* End PBXTargetDependency section */

/* Begin PBXVariantGroup section */
		0911FCB1223A4F3500E3A45E /* Interface.storyboard */ = {
			isa = PBXVariantGroup;
			children = (
				0911FCB2223A4F3500E3A45E /* Base */,
			);
			name = Interface.storyboard;
			sourceTree = "<group>";
		};
		097D34802190673E0066AFE8 /* Main.storyboard */ = {
			isa = PBXVariantGroup;
			children = (
				097D34812190673E0066AFE8 /* Base */,
			);
			name = Main.storyboard;
			sourceTree = "<group>";
		};
		097D34852190673F0066AFE8 /* LaunchScreen.storyboard */ = {
			isa = PBXVariantGroup;
			children = (
				097D34862190673F0066AFE8 /* Base */,
			);
			name = LaunchScreen.storyboard;
			sourceTree = "<group>";
		};
/* End PBXVariantGroup section */

/* Begin XCBuildConfiguration section */
		0911FCCE223A4F3800E3A45E /* Debug */ = {
			isa = XCBuildConfiguration;
			buildSettings = {
				ASSETCATALOG_COMPILER_COMPLICATION_NAME = Complication;
				CODE_SIGN_STYLE = Automatic;
				DEVELOPMENT_TEAM = CDL4Q49RXS;
				INFOPLIST_FILE = "Watch App Extension/Info.plist";
				LD_RUNPATH_SEARCH_PATHS = (
					"$(inherited)",
					"@executable_path/Frameworks",
					"@executable_path/../../Frameworks",
				);
				PRODUCT_BUNDLE_IDENTIFIER = com.marcus.SeparateEnvironment.beta.watchkitapp.watchkitextension;
				PRODUCT_NAME = "${TARGET_NAME}";
				SDKROOT = watchos;
				SKIP_INSTALL = YES;
				SWIFT_VERSION = 4.2;
				TARGETED_DEVICE_FAMILY = 4;
				WATCHOS_DEPLOYMENT_TARGET = 5.1;
			};
			name = Debug;
		};
		0911FCCF223A4F3800E3A45E /* ProductionDebug */ = {
			isa = XCBuildConfiguration;
			buildSettings = {
				ASSETCATALOG_COMPILER_COMPLICATION_NAME = Complication;
				CODE_SIGN_STYLE = Automatic;
				DEVELOPMENT_TEAM = CDL4Q49RXS;
				INFOPLIST_FILE = "Watch App Extension/Info.plist";
				LD_RUNPATH_SEARCH_PATHS = (
					"$(inherited)",
					"@executable_path/Frameworks",
					"@executable_path/../../Frameworks",
				);
				PRODUCT_BUNDLE_IDENTIFIER = com.marcus.SeparateEnvironment.beta.watchkitapp.watchkitextension;
				PRODUCT_NAME = "${TARGET_NAME}";
				SDKROOT = watchos;
				SKIP_INSTALL = YES;
				SWIFT_VERSION = 4.2;
				TARGETED_DEVICE_FAMILY = 4;
				WATCHOS_DEPLOYMENT_TARGET = 5.1;
			};
			name = ProductionDebug;
		};
		0911FCD0223A4F3800E3A45E /* Release */ = {
			isa = XCBuildConfiguration;
			buildSettings = {
				ASSETCATALOG_COMPILER_COMPLICATION_NAME = Complication;
				CODE_SIGN_STYLE = Automatic;
				DEVELOPMENT_TEAM = CDL4Q49RXS;
				INFOPLIST_FILE = "Watch App Extension/Info.plist";
				LD_RUNPATH_SEARCH_PATHS = (
					"$(inherited)",
					"@executable_path/Frameworks",
					"@executable_path/../../Frameworks",
				);
				PRODUCT_BUNDLE_IDENTIFIER = com.marcus.SeparateEnvironment.beta.watchkitapp.watchkitextension;
				PRODUCT_NAME = "${TARGET_NAME}";
				SDKROOT = watchos;
				SKIP_INSTALL = YES;
				SWIFT_VERSION = 4.2;
				TARGETED_DEVICE_FAMILY = 4;
				WATCHOS_DEPLOYMENT_TARGET = 5.1;
			};
			name = Release;
		};
		0911FCD1223A4F3800E3A45E /* ProductionRelease */ = {
			isa = XCBuildConfiguration;
			buildSettings = {
				ASSETCATALOG_COMPILER_COMPLICATION_NAME = Complication;
				CODE_SIGN_STYLE = Automatic;
				DEVELOPMENT_TEAM = CDL4Q49RXS;
				INFOPLIST_FILE = "Watch App Extension/Info.plist";
				LD_RUNPATH_SEARCH_PATHS = (
					"$(inherited)",
					"@executable_path/Frameworks",
					"@executable_path/../../Frameworks",
				);
				PRODUCT_BUNDLE_IDENTIFIER = com.marcus.SeparateEnvironment.beta.watchkitapp.watchkitextension;
				PRODUCT_NAME = "${TARGET_NAME}";
				SDKROOT = watchos;
				SKIP_INSTALL = YES;
				SWIFT_VERSION = 4.2;
				TARGETED_DEVICE_FAMILY = 4;
				WATCHOS_DEPLOYMENT_TARGET = 5.1;
			};
			name = ProductionRelease;
		};
		0911FCD4223A4F3800E3A45E /* Debug */ = {
			isa = XCBuildConfiguration;
			buildSettings = {
				ALWAYS_EMBED_SWIFT_STANDARD_LIBRARIES = YES;
				ASSETCATALOG_COMPILER_APPICON_NAME = AppIcon;
				CODE_SIGN_STYLE = Automatic;
				DEVELOPMENT_TEAM = CDL4Q49RXS;
				IBSC_MODULE = Watch_App_Extension;
				INFOPLIST_FILE = "Watch App/Info.plist";
				PRODUCT_BUNDLE_IDENTIFIER = com.marcus.SeparateEnvironment.beta.watchkitapp;
				PRODUCT_NAME = "$(TARGET_NAME)";
				SDKROOT = watchos;
				SKIP_INSTALL = YES;
				SWIFT_VERSION = 4.2;
				TARGETED_DEVICE_FAMILY = 4;
				WATCHOS_DEPLOYMENT_TARGET = 5.1;
			};
			name = Debug;
		};
		0911FCD5223A4F3800E3A45E /* ProductionDebug */ = {
			isa = XCBuildConfiguration;
			buildSettings = {
				ALWAYS_EMBED_SWIFT_STANDARD_LIBRARIES = YES;
				ASSETCATALOG_COMPILER_APPICON_NAME = AppIcon;
				CODE_SIGN_STYLE = Automatic;
				DEVELOPMENT_TEAM = CDL4Q49RXS;
				IBSC_MODULE = Watch_App_Extension;
				INFOPLIST_FILE = "Watch App/Info.plist";
				PRODUCT_BUNDLE_IDENTIFIER = com.marcus.SeparateEnvironment.beta.watchkitapp;
				PRODUCT_NAME = "$(TARGET_NAME)";
				SDKROOT = watchos;
				SKIP_INSTALL = YES;
				SWIFT_VERSION = 4.2;
				TARGETED_DEVICE_FAMILY = 4;
				WATCHOS_DEPLOYMENT_TARGET = 5.1;
			};
			name = ProductionDebug;
		};
		0911FCD6223A4F3800E3A45E /* Release */ = {
			isa = XCBuildConfiguration;
			buildSettings = {
				ALWAYS_EMBED_SWIFT_STANDARD_LIBRARIES = YES;
				ASSETCATALOG_COMPILER_APPICON_NAME = AppIcon;
				CODE_SIGN_STYLE = Automatic;
				DEVELOPMENT_TEAM = CDL4Q49RXS;
				IBSC_MODULE = Watch_App_Extension;
				INFOPLIST_FILE = "Watch App/Info.plist";
				PRODUCT_BUNDLE_IDENTIFIER = com.marcus.SeparateEnvironment.beta.watchkitapp;
				PRODUCT_NAME = "$(TARGET_NAME)";
				SDKROOT = watchos;
				SKIP_INSTALL = YES;
				SWIFT_VERSION = 4.2;
				TARGETED_DEVICE_FAMILY = 4;
				WATCHOS_DEPLOYMENT_TARGET = 5.1;
			};
			name = Release;
		};
		0911FCD7223A4F3800E3A45E /* ProductionRelease */ = {
			isa = XCBuildConfiguration;
			buildSettings = {
				ALWAYS_EMBED_SWIFT_STANDARD_LIBRARIES = YES;
				ASSETCATALOG_COMPILER_APPICON_NAME = AppIcon;
				CODE_SIGN_STYLE = Automatic;
				DEVELOPMENT_TEAM = CDL4Q49RXS;
				IBSC_MODULE = Watch_App_Extension;
				INFOPLIST_FILE = "Watch App/Info.plist";
				PRODUCT_BUNDLE_IDENTIFIER = com.marcus.SeparateEnvironment.beta.watchkitapp;
				PRODUCT_NAME = "$(TARGET_NAME)";
				SDKROOT = watchos;
				SKIP_INSTALL = YES;
				SWIFT_VERSION = 4.2;
				TARGETED_DEVICE_FAMILY = 4;
				WATCHOS_DEPLOYMENT_TARGET = 5.1;
			};
			name = ProductionRelease;
		};
		092FA4FA21906CB300D593C5 /* ProductionDebug */ = {
			isa = XCBuildConfiguration;
			buildSettings = {
				ALWAYS_SEARCH_USER_PATHS = NO;
				CLANG_ANALYZER_NONNULL = YES;
				CLANG_ANALYZER_NUMBER_OBJECT_CONVERSION = YES_AGGRESSIVE;
				CLANG_CXX_LANGUAGE_STANDARD = "gnu++14";
				CLANG_CXX_LIBRARY = "libc++";
				CLANG_ENABLE_MODULES = YES;
				CLANG_ENABLE_OBJC_ARC = YES;
				CLANG_ENABLE_OBJC_WEAK = YES;
				CLANG_WARN_BLOCK_CAPTURE_AUTORELEASING = YES;
				CLANG_WARN_BOOL_CONVERSION = YES;
				CLANG_WARN_COMMA = YES;
				CLANG_WARN_CONSTANT_CONVERSION = YES;
				CLANG_WARN_DEPRECATED_OBJC_IMPLEMENTATIONS = YES;
				CLANG_WARN_DIRECT_OBJC_ISA_USAGE = YES_ERROR;
				CLANG_WARN_DOCUMENTATION_COMMENTS = YES;
				CLANG_WARN_EMPTY_BODY = YES;
				CLANG_WARN_ENUM_CONVERSION = YES;
				CLANG_WARN_INFINITE_RECURSION = YES;
				CLANG_WARN_INT_CONVERSION = YES;
				CLANG_WARN_NON_LITERAL_NULL_CONVERSION = YES;
				CLANG_WARN_OBJC_IMPLICIT_RETAIN_SELF = YES;
				CLANG_WARN_OBJC_LITERAL_CONVERSION = YES;
				CLANG_WARN_OBJC_ROOT_CLASS = YES_ERROR;
				CLANG_WARN_RANGE_LOOP_ANALYSIS = YES;
				CLANG_WARN_STRICT_PROTOTYPES = YES;
				CLANG_WARN_SUSPICIOUS_MOVE = YES;
				CLANG_WARN_UNGUARDED_AVAILABILITY = YES_AGGRESSIVE;
				CLANG_WARN_UNREACHABLE_CODE = YES;
				CLANG_WARN__DUPLICATE_METHOD_MATCH = YES;
				CODE_SIGN_IDENTITY = "iPhone Developer";
				COPY_PHASE_STRIP = NO;
				DEBUG_INFORMATION_FORMAT = dwarf;
				ENABLE_STRICT_OBJC_MSGSEND = YES;
				ENABLE_TESTABILITY = YES;
				GCC_C_LANGUAGE_STANDARD = gnu11;
				GCC_DYNAMIC_NO_PIC = NO;
				GCC_NO_COMMON_BLOCKS = YES;
				GCC_OPTIMIZATION_LEVEL = 0;
				GCC_PREPROCESSOR_DEFINITIONS = (
					"DEBUG=1",
					"$(inherited)",
				);
				GCC_WARN_64_TO_32_BIT_CONVERSION = YES;
				GCC_WARN_ABOUT_RETURN_TYPE = YES_ERROR;
				GCC_WARN_UNDECLARED_SELECTOR = YES;
				GCC_WARN_UNINITIALIZED_AUTOS = YES_AGGRESSIVE;
				GCC_WARN_UNUSED_FUNCTION = YES;
				GCC_WARN_UNUSED_VARIABLE = YES;
				IPHONEOS_DEPLOYMENT_TARGET = 12.1;
				MTL_ENABLE_DEBUG_INFO = INCLUDE_SOURCE;
				MTL_FAST_MATH = YES;
				ONLY_ACTIVE_ARCH = YES;
				SDKROOT = iphoneos;
				SWIFT_ACTIVE_COMPILATION_CONDITIONS = DEBUG;
				SWIFT_OPTIMIZATION_LEVEL = "-Onone";
			};
			name = ProductionDebug;
		};
		092FA4FB21906CB300D593C5 /* ProductionDebug */ = {
			isa = XCBuildConfiguration;
			baseConfigurationReference = BE6280D26C123E24CF80FCB0 /* Pods-SeparateEnvironment.productiondebug.xcconfig */;
			buildSettings = {
				ASSETCATALOG_COMPILER_APPICON_NAME = AppIcon;
				CODE_SIGN_STYLE = Automatic;
				DEVELOPMENT_TEAM = CDL4Q49RXS;
				INFOPLIST_FILE = SeparateEnvironment/Info.plist;
				LD_RUNPATH_SEARCH_PATHS = (
					"$(inherited)",
					"@executable_path/Frameworks",
				);
				PRODUCT_BUNDLE_IDENTIFIER = com.marcus.SeparateEnvironment;
				PRODUCT_NAME = "$(TARGET_NAME)";
				SWIFT_ACTIVE_COMPILATION_CONDITIONS = "DEBUG PROD_ENV";
				SWIFT_VERSION = 4.2;
				TARGETED_DEVICE_FAMILY = "1,2";
			};
			name = ProductionDebug;
		};
		092FA4FC21906CC700D593C5 /* ProductionRelease */ = {
			isa = XCBuildConfiguration;
			buildSettings = {
				ALWAYS_SEARCH_USER_PATHS = NO;
				CLANG_ANALYZER_NONNULL = YES;
				CLANG_ANALYZER_NUMBER_OBJECT_CONVERSION = YES_AGGRESSIVE;
				CLANG_CXX_LANGUAGE_STANDARD = "gnu++14";
				CLANG_CXX_LIBRARY = "libc++";
				CLANG_ENABLE_MODULES = YES;
				CLANG_ENABLE_OBJC_ARC = YES;
				CLANG_ENABLE_OBJC_WEAK = YES;
				CLANG_WARN_BLOCK_CAPTURE_AUTORELEASING = YES;
				CLANG_WARN_BOOL_CONVERSION = YES;
				CLANG_WARN_COMMA = YES;
				CLANG_WARN_CONSTANT_CONVERSION = YES;
				CLANG_WARN_DEPRECATED_OBJC_IMPLEMENTATIONS = YES;
				CLANG_WARN_DIRECT_OBJC_ISA_USAGE = YES_ERROR;
				CLANG_WARN_DOCUMENTATION_COMMENTS = YES;
				CLANG_WARN_EMPTY_BODY = YES;
				CLANG_WARN_ENUM_CONVERSION = YES;
				CLANG_WARN_INFINITE_RECURSION = YES;
				CLANG_WARN_INT_CONVERSION = YES;
				CLANG_WARN_NON_LITERAL_NULL_CONVERSION = YES;
				CLANG_WARN_OBJC_IMPLICIT_RETAIN_SELF = YES;
				CLANG_WARN_OBJC_LITERAL_CONVERSION = YES;
				CLANG_WARN_OBJC_ROOT_CLASS = YES_ERROR;
				CLANG_WARN_RANGE_LOOP_ANALYSIS = YES;
				CLANG_WARN_STRICT_PROTOTYPES = YES;
				CLANG_WARN_SUSPICIOUS_MOVE = YES;
				CLANG_WARN_UNGUARDED_AVAILABILITY = YES_AGGRESSIVE;
				CLANG_WARN_UNREACHABLE_CODE = YES;
				CLANG_WARN__DUPLICATE_METHOD_MATCH = YES;
				CODE_SIGN_IDENTITY = "iPhone Developer";
				COPY_PHASE_STRIP = NO;
				DEBUG_INFORMATION_FORMAT = "dwarf-with-dsym";
				ENABLE_NS_ASSERTIONS = NO;
				ENABLE_STRICT_OBJC_MSGSEND = YES;
				GCC_C_LANGUAGE_STANDARD = gnu11;
				GCC_NO_COMMON_BLOCKS = YES;
				GCC_WARN_64_TO_32_BIT_CONVERSION = YES;
				GCC_WARN_ABOUT_RETURN_TYPE = YES_ERROR;
				GCC_WARN_UNDECLARED_SELECTOR = YES;
				GCC_WARN_UNINITIALIZED_AUTOS = YES_AGGRESSIVE;
				GCC_WARN_UNUSED_FUNCTION = YES;
				GCC_WARN_UNUSED_VARIABLE = YES;
				IPHONEOS_DEPLOYMENT_TARGET = 12.1;
				MTL_ENABLE_DEBUG_INFO = NO;
				MTL_FAST_MATH = YES;
				SDKROOT = iphoneos;
				SWIFT_COMPILATION_MODE = wholemodule;
				SWIFT_OPTIMIZATION_LEVEL = "-O";
				VALIDATE_PRODUCT = YES;
			};
			name = ProductionRelease;
		};
		092FA4FD21906CC700D593C5 /* ProductionRelease */ = {
			isa = XCBuildConfiguration;
			baseConfigurationReference = D417A6BC474BDAB667A21B0A /* Pods-SeparateEnvironment.productionrelease.xcconfig */;
			buildSettings = {
				ASSETCATALOG_COMPILER_APPICON_NAME = AppIcon;
				CODE_SIGN_STYLE = Automatic;
				DEVELOPMENT_TEAM = CDL4Q49RXS;
				INFOPLIST_FILE = SeparateEnvironment/Info.plist;
				LD_RUNPATH_SEARCH_PATHS = (
					"$(inherited)",
					"@executable_path/Frameworks",
				);
				PRODUCT_BUNDLE_IDENTIFIER = com.marcus.SeparateEnvironment;
				PRODUCT_NAME = "$(TARGET_NAME)";
				SWIFT_ACTIVE_COMPILATION_CONDITIONS = PROD_ENV;
				SWIFT_VERSION = 4.2;
				TARGETED_DEVICE_FAMILY = "1,2";
			};
			name = ProductionRelease;
		};
		097D34892190673F0066AFE8 /* Debug */ = {
			isa = XCBuildConfiguration;
			buildSettings = {
				ALWAYS_SEARCH_USER_PATHS = NO;
				CLANG_ANALYZER_NONNULL = YES;
				CLANG_ANALYZER_NUMBER_OBJECT_CONVERSION = YES_AGGRESSIVE;
				CLANG_CXX_LANGUAGE_STANDARD = "gnu++14";
				CLANG_CXX_LIBRARY = "libc++";
				CLANG_ENABLE_MODULES = YES;
				CLANG_ENABLE_OBJC_ARC = YES;
				CLANG_ENABLE_OBJC_WEAK = YES;
				CLANG_WARN_BLOCK_CAPTURE_AUTORELEASING = YES;
				CLANG_WARN_BOOL_CONVERSION = YES;
				CLANG_WARN_COMMA = YES;
				CLANG_WARN_CONSTANT_CONVERSION = YES;
				CLANG_WARN_DEPRECATED_OBJC_IMPLEMENTATIONS = YES;
				CLANG_WARN_DIRECT_OBJC_ISA_USAGE = YES_ERROR;
				CLANG_WARN_DOCUMENTATION_COMMENTS = YES;
				CLANG_WARN_EMPTY_BODY = YES;
				CLANG_WARN_ENUM_CONVERSION = YES;
				CLANG_WARN_INFINITE_RECURSION = YES;
				CLANG_WARN_INT_CONVERSION = YES;
				CLANG_WARN_NON_LITERAL_NULL_CONVERSION = YES;
				CLANG_WARN_OBJC_IMPLICIT_RETAIN_SELF = YES;
				CLANG_WARN_OBJC_LITERAL_CONVERSION = YES;
				CLANG_WARN_OBJC_ROOT_CLASS = YES_ERROR;
				CLANG_WARN_RANGE_LOOP_ANALYSIS = YES;
				CLANG_WARN_STRICT_PROTOTYPES = YES;
				CLANG_WARN_SUSPICIOUS_MOVE = YES;
				CLANG_WARN_UNGUARDED_AVAILABILITY = YES_AGGRESSIVE;
				CLANG_WARN_UNREACHABLE_CODE = YES;
				CLANG_WARN__DUPLICATE_METHOD_MATCH = YES;
				CODE_SIGN_IDENTITY = "iPhone Developer";
				COPY_PHASE_STRIP = NO;
				DEBUG_INFORMATION_FORMAT = dwarf;
				ENABLE_STRICT_OBJC_MSGSEND = YES;
				ENABLE_TESTABILITY = YES;
				GCC_C_LANGUAGE_STANDARD = gnu11;
				GCC_DYNAMIC_NO_PIC = NO;
				GCC_NO_COMMON_BLOCKS = YES;
				GCC_OPTIMIZATION_LEVEL = 0;
				GCC_PREPROCESSOR_DEFINITIONS = (
					"DEBUG=1",
					"$(inherited)",
				);
				GCC_WARN_64_TO_32_BIT_CONVERSION = YES;
				GCC_WARN_ABOUT_RETURN_TYPE = YES_ERROR;
				GCC_WARN_UNDECLARED_SELECTOR = YES;
				GCC_WARN_UNINITIALIZED_AUTOS = YES_AGGRESSIVE;
				GCC_WARN_UNUSED_FUNCTION = YES;
				GCC_WARN_UNUSED_VARIABLE = YES;
				IPHONEOS_DEPLOYMENT_TARGET = 12.1;
				MTL_ENABLE_DEBUG_INFO = INCLUDE_SOURCE;
				MTL_FAST_MATH = YES;
				ONLY_ACTIVE_ARCH = YES;
				SDKROOT = iphoneos;
				SWIFT_ACTIVE_COMPILATION_CONDITIONS = DEBUG;
				SWIFT_OPTIMIZATION_LEVEL = "-Onone";
			};
			name = Debug;
		};
		097D348A2190673F0066AFE8 /* Release */ = {
			isa = XCBuildConfiguration;
			buildSettings = {
				ALWAYS_SEARCH_USER_PATHS = NO;
				CLANG_ANALYZER_NONNULL = YES;
				CLANG_ANALYZER_NUMBER_OBJECT_CONVERSION = YES_AGGRESSIVE;
				CLANG_CXX_LANGUAGE_STANDARD = "gnu++14";
				CLANG_CXX_LIBRARY = "libc++";
				CLANG_ENABLE_MODULES = YES;
				CLANG_ENABLE_OBJC_ARC = YES;
				CLANG_ENABLE_OBJC_WEAK = YES;
				CLANG_WARN_BLOCK_CAPTURE_AUTORELEASING = YES;
				CLANG_WARN_BOOL_CONVERSION = YES;
				CLANG_WARN_COMMA = YES;
				CLANG_WARN_CONSTANT_CONVERSION = YES;
				CLANG_WARN_DEPRECATED_OBJC_IMPLEMENTATIONS = YES;
				CLANG_WARN_DIRECT_OBJC_ISA_USAGE = YES_ERROR;
				CLANG_WARN_DOCUMENTATION_COMMENTS = YES;
				CLANG_WARN_EMPTY_BODY = YES;
				CLANG_WARN_ENUM_CONVERSION = YES;
				CLANG_WARN_INFINITE_RECURSION = YES;
				CLANG_WARN_INT_CONVERSION = YES;
				CLANG_WARN_NON_LITERAL_NULL_CONVERSION = YES;
				CLANG_WARN_OBJC_IMPLICIT_RETAIN_SELF = YES;
				CLANG_WARN_OBJC_LITERAL_CONVERSION = YES;
				CLANG_WARN_OBJC_ROOT_CLASS = YES_ERROR;
				CLANG_WARN_RANGE_LOOP_ANALYSIS = YES;
				CLANG_WARN_STRICT_PROTOTYPES = YES;
				CLANG_WARN_SUSPICIOUS_MOVE = YES;
				CLANG_WARN_UNGUARDED_AVAILABILITY = YES_AGGRESSIVE;
				CLANG_WARN_UNREACHABLE_CODE = YES;
				CLANG_WARN__DUPLICATE_METHOD_MATCH = YES;
				CODE_SIGN_IDENTITY = "iPhone Developer";
				COPY_PHASE_STRIP = NO;
				DEBUG_INFORMATION_FORMAT = "dwarf-with-dsym";
				ENABLE_NS_ASSERTIONS = NO;
				ENABLE_STRICT_OBJC_MSGSEND = YES;
				GCC_C_LANGUAGE_STANDARD = gnu11;
				GCC_NO_COMMON_BLOCKS = YES;
				GCC_WARN_64_TO_32_BIT_CONVERSION = YES;
				GCC_WARN_ABOUT_RETURN_TYPE = YES_ERROR;
				GCC_WARN_UNDECLARED_SELECTOR = YES;
				GCC_WARN_UNINITIALIZED_AUTOS = YES_AGGRESSIVE;
				GCC_WARN_UNUSED_FUNCTION = YES;
				GCC_WARN_UNUSED_VARIABLE = YES;
				IPHONEOS_DEPLOYMENT_TARGET = 12.1;
				MTL_ENABLE_DEBUG_INFO = NO;
				MTL_FAST_MATH = YES;
				SDKROOT = iphoneos;
				SWIFT_COMPILATION_MODE = wholemodule;
				SWIFT_OPTIMIZATION_LEVEL = "-O";
				VALIDATE_PRODUCT = YES;
			};
			name = Release;
		};
		097D348C2190673F0066AFE8 /* Debug */ = {
			isa = XCBuildConfiguration;
			baseConfigurationReference = CE82B800CB0777D61D1B20A1 /* Pods-SeparateEnvironment.debug.xcconfig */;
			buildSettings = {
				ASSETCATALOG_COMPILER_APPICON_NAME = AppIconBeta;
				CODE_SIGN_STYLE = Automatic;
				DEVELOPMENT_TEAM = CDL4Q49RXS;
				INFOPLIST_FILE = SeparateEnvironment/Info.plist;
				LD_RUNPATH_SEARCH_PATHS = (
					"$(inherited)",
					"@executable_path/Frameworks",
				);
				PRODUCT_BUNDLE_IDENTIFIER = com.marcus.SeparateEnvironment.beta;
				PRODUCT_NAME = "Beta $(TARGET_NAME)";
				SWIFT_ACTIVE_COMPILATION_CONDITIONS = "DEBUG DEV_ENV";
				SWIFT_VERSION = 4.2;
				TARGETED_DEVICE_FAMILY = "1,2";
			};
			name = Debug;
		};
		097D348D2190673F0066AFE8 /* Release */ = {
			isa = XCBuildConfiguration;
			baseConfigurationReference = 71ECFF49DDFDDDDF7072504D /* Pods-SeparateEnvironment.release.xcconfig */;
			buildSettings = {
				ASSETCATALOG_COMPILER_APPICON_NAME = AppIconBeta;
				CODE_SIGN_STYLE = Automatic;
				DEVELOPMENT_TEAM = CDL4Q49RXS;
				INFOPLIST_FILE = SeparateEnvironment/Info.plist;
				LD_RUNPATH_SEARCH_PATHS = (
					"$(inherited)",
					"@executable_path/Frameworks",
				);
				PRODUCT_BUNDLE_IDENTIFIER = com.marcus.SeparateEnvironment.beta;
				PRODUCT_NAME = "Beta $(TARGET_NAME)";
				SWIFT_ACTIVE_COMPILATION_CONDITIONS = DEV_ENV;
				SWIFT_VERSION = 4.2;
				TARGETED_DEVICE_FAMILY = "1,2";
			};
			name = Release;
		};
/* End XCBuildConfiguration section */

/* Begin XCConfigurationList section */
		0911FCCD223A4F3800E3A45E /* Build configuration list for PBXNativeTarget "Watch App Extension" */ = {
			isa = XCConfigurationList;
			buildConfigurations = (
				0911FCCE223A4F3800E3A45E /* Debug */,
				0911FCCF223A4F3800E3A45E /* ProductionDebug */,
				0911FCD0223A4F3800E3A45E /* Release */,
				0911FCD1223A4F3800E3A45E /* ProductionRelease */,
			);
			defaultConfigurationIsVisible = 0;
			defaultConfigurationName = Release;
		};
		0911FCD3223A4F3800E3A45E /* Build configuration list for PBXNativeTarget "Watch App" */ = {
			isa = XCConfigurationList;
			buildConfigurations = (
				0911FCD4223A4F3800E3A45E /* Debug */,
				0911FCD5223A4F3800E3A45E /* ProductionDebug */,
				0911FCD6223A4F3800E3A45E /* Release */,
				0911FCD7223A4F3800E3A45E /* ProductionRelease */,
			);
			defaultConfigurationIsVisible = 0;
			defaultConfigurationName = Release;
		};
		097D34742190673D0066AFE8 /* Build configuration list for PBXProject "SeparateEnvironment" */ = {
			isa = XCConfigurationList;
			buildConfigurations = (
				097D34892190673F0066AFE8 /* Debug */,
				092FA4FA21906CB300D593C5 /* ProductionDebug */,
				097D348A2190673F0066AFE8 /* Release */,
				092FA4FC21906CC700D593C5 /* ProductionRelease */,
			);
			defaultConfigurationIsVisible = 0;
			defaultConfigurationName = Release;
		};
		097D348B2190673F0066AFE8 /* Build configuration list for PBXNativeTarget "SeparateEnvironment" */ = {
			isa = XCConfigurationList;
			buildConfigurations = (
				097D348C2190673F0066AFE8 /* Debug */,
				092FA4FB21906CB300D593C5 /* ProductionDebug */,
				097D348D2190673F0066AFE8 /* Release */,
				092FA4FD21906CC700D593C5 /* ProductionRelease */,
			);
			defaultConfigurationIsVisible = 0;
			defaultConfigurationName = Release;
		};
/* End XCConfigurationList section */
	};
	rootObject = 097D34712190673D0066AFE8 /* Project object */;
}
